
Microsoft Visual Studio Solution File, Format Version 12.00
# Visual Studio 2012
Project("{FAE04EC0-301F-11D3-BF4B-00C04F79EFBC}") = "Calculadora", "Calculadora\Calculadora.csproj", "{31796330-6710-4115-873C-D3406FE38349}"
EndProject
Global
	GlobalSection(SolutionConfigurationPlatforms) = preSolution
		Debug|Any CPU = Debug|Any CPU
		Release|Any CPU = Release|Any CPU
	EndGlobalSection
	GlobalSection(ProjectConfigurationPlatforms) = postSolution
		{31796330-6710-4115-873C-D3406FE38349}.Debug|Any CPU.ActiveCfg = Debug|Any CPU
		{31796330-6710-4115-873C-D3406FE38349}.Debug|Any CPU.Build.0 = Debug|Any CPU
		{31796330-6710-4115-873C-D3406FE38349}.Release|Any CPU.ActiveCfg = Release|Any CPU
		{31796330-6710-4115-873C-D3406FE38349}.Release|Any CPU.Build.0 = Release|Any CPU
	EndGlobalSection
	GlobalSection(SolutionProperties) = preSolution
		HideSolutionNode = FALSE
	EndGlobalSection
EndGlobal
